
Microsoft Visual Studio Solution File, Format Version 12.00
# Visual Studio 15
VisualStudioVersion = 15.0.27703.2026
MinimumVisualStudioVersion = 10.0.40219.1
Project("{FAE04EC0-301F-11D3-BF4B-00C04F79EFBC}") = "SequentialExercise1", "SequentialExercise1\SequentialExercise1.csproj", "{02156ADC-799C-46E0-9E2F-60848F5F369A}"
EndProject
Global
	GlobalSection(SolutionConfigurationPlatforms) = preSolution
		Debug|Any CPU = Debug|Any CPU
		Release|Any CPU = Release|Any CPU
	EndGlobalSection
	GlobalSection(ProjectConfigurationPlatforms) = postSolution
		{02156ADC-799C-46E0-9E2F-60848F5F369A}.Debug|Any CPU.ActiveCfg = Debug|Any CPU
		{02156ADC-799C-46E0-9E2F-60848F5F369A}.Debug|Any CPU.Build.0 = Debug|Any CPU
		{02156ADC-799C-46E0-9E2F-60848F5F369A}.Release|Any CPU.ActiveCfg = Release|Any CPU
		{02156ADC-799C-46E0-9E2F-60848F5F369A}.Release|Any CPU.Build.0 = Release|Any CPU
	EndGlobalSection
	GlobalSection(SolutionProperties) = preSolution
		HideSolutionNode = FALSE
	EndGlobalSection
	GlobalSection(ExtensibilityGlobals) = postSolution
		SolutionGuid = {3571C684-2AAF-4AA2-A3E4-3B3DF0B6432F}
	EndGlobalSection
EndGlobal
