
Microsoft Visual Studio Solution File, Format Version 12.00
# Visual Studio 15
VisualStudioVersion = 15.0.27703.2026
MinimumVisualStudioVersion = 10.0.40219.1
Project("{FAE04EC0-301F-11D3-BF4B-00C04F79EFBC}") = "SwitchDemo", "SwitchDemo\SwitchDemo.csproj", "{083A1165-78F7-4909-8DFD-51CCD09CFCBF}"
EndProject
Global
	GlobalSection(SolutionConfigurationPlatforms) = preSolution
		Debug|Any CPU = Debug|Any CPU
		Release|Any CPU = Release|Any CPU
	EndGlobalSection
	GlobalSection(ProjectConfigurationPlatforms) = postSolution
		{083A1165-78F7-4909-8DFD-51CCD09CFCBF}.Debug|Any CPU.ActiveCfg = Debug|Any CPU
		{083A1165-78F7-4909-8DFD-51CCD09CFCBF}.Debug|Any CPU.Build.0 = Debug|Any CPU
		{083A1165-78F7-4909-8DFD-51CCD09CFCBF}.Release|Any CPU.ActiveCfg = Release|Any CPU
		{083A1165-78F7-4909-8DFD-51CCD09CFCBF}.Release|Any CPU.Build.0 = Release|Any CPU
	EndGlobalSection
	GlobalSection(SolutionProperties) = preSolution
		HideSolutionNode = FALSE
	EndGlobalSection
	GlobalSection(ExtensibilityGlobals) = postSolution
		SolutionGuid = {63544571-4E17-4D5F-956D-6DA394F8B040}
	EndGlobalSection
EndGlobal
