
Microsoft Visual Studio Solution File, Format Version 12.00
# Visual Studio 15
VisualStudioVersion = 15.0.27703.2026
MinimumVisualStudioVersion = 10.0.40219.1
Project("{FAE04EC0-301F-11D3-BF4B-00C04F79EFBC}") = "Payroll", "Payroll\Payroll.csproj", "{553014A3-C745-41E2-9EC8-6A74B2B89322}"
EndProject
Global
	GlobalSection(SolutionConfigurationPlatforms) = preSolution
		Debug|Any CPU = Debug|Any CPU
		Release|Any CPU = Release|Any CPU
	EndGlobalSection
	GlobalSection(ProjectConfigurationPlatforms) = postSolution
		{553014A3-C745-41E2-9EC8-6A74B2B89322}.Debug|Any CPU.ActiveCfg = Debug|Any CPU
		{553014A3-C745-41E2-9EC8-6A74B2B89322}.Debug|Any CPU.Build.0 = Debug|Any CPU
		{553014A3-C745-41E2-9EC8-6A74B2B89322}.Release|Any CPU.ActiveCfg = Release|Any CPU
		{553014A3-C745-41E2-9EC8-6A74B2B89322}.Release|Any CPU.Build.0 = Release|Any CPU
	EndGlobalSection
	GlobalSection(SolutionProperties) = preSolution
		HideSolutionNode = FALSE
	EndGlobalSection
	GlobalSection(ExtensibilityGlobals) = postSolution
		SolutionGuid = {E1A41B0E-7FD1-4F45-BA23-5D27DA244FD8}
	EndGlobalSection
EndGlobal
