
Microsoft Visual Studio Solution File, Format Version 12.00
# Visual Studio 15
VisualStudioVersion = 15.0.27703.2026
MinimumVisualStudioVersion = 10.0.40219.1
Project("{FAE04EC0-301F-11D3-BF4B-00C04F79EFBC}") = "CPSC1012-EX09-DavidBergeron", "CPSC1012-EX09-DavidBergeron\CPSC1012-EX09-DavidBergeron.csproj", "{44C0E76F-FE84-44D8-BD6C-FD7BA89A04F6}"
EndProject
Global
	GlobalSection(SolutionConfigurationPlatforms) = preSolution
		Debug|Any CPU = Debug|Any CPU
		Release|Any CPU = Release|Any CPU
	EndGlobalSection
	GlobalSection(ProjectConfigurationPlatforms) = postSolution
		{44C0E76F-FE84-44D8-BD6C-FD7BA89A04F6}.Debug|Any CPU.ActiveCfg = Debug|Any CPU
		{44C0E76F-FE84-44D8-BD6C-FD7BA89A04F6}.Debug|Any CPU.Build.0 = Debug|Any CPU
		{44C0E76F-FE84-44D8-BD6C-FD7BA89A04F6}.Release|Any CPU.ActiveCfg = Release|Any CPU
		{44C0E76F-FE84-44D8-BD6C-FD7BA89A04F6}.Release|Any CPU.Build.0 = Release|Any CPU
	EndGlobalSection
	GlobalSection(SolutionProperties) = preSolution
		HideSolutionNode = FALSE
	EndGlobalSection
	GlobalSection(ExtensibilityGlobals) = postSolution
		SolutionGuid = {C2952DA5-488B-4380-97A3-BE32175A8C7B}
	EndGlobalSection
EndGlobal
