
Microsoft Visual Studio Solution File, Format Version 12.00
# Visual Studio 15
VisualStudioVersion = 15.0.27703.2026
MinimumVisualStudioVersion = 10.0.40219.1
Project("{FAE04EC0-301F-11D3-BF4B-00C04F79EFBC}") = "TestDoWhile", "TestDoWhile\TestDoWhile.csproj", "{D92DF67B-4E7D-48EC-A371-0A7BB8B7ED75}"
EndProject
Global
	GlobalSection(SolutionConfigurationPlatforms) = preSolution
		Debug|Any CPU = Debug|Any CPU
		Release|Any CPU = Release|Any CPU
	EndGlobalSection
	GlobalSection(ProjectConfigurationPlatforms) = postSolution
		{D92DF67B-4E7D-48EC-A371-0A7BB8B7ED75}.Debug|Any CPU.ActiveCfg = Debug|Any CPU
		{D92DF67B-4E7D-48EC-A371-0A7BB8B7ED75}.Debug|Any CPU.Build.0 = Debug|Any CPU
		{D92DF67B-4E7D-48EC-A371-0A7BB8B7ED75}.Release|Any CPU.ActiveCfg = Release|Any CPU
		{D92DF67B-4E7D-48EC-A371-0A7BB8B7ED75}.Release|Any CPU.Build.0 = Release|Any CPU
	EndGlobalSection
	GlobalSection(SolutionProperties) = preSolution
		HideSolutionNode = FALSE
	EndGlobalSection
	GlobalSection(ExtensibilityGlobals) = postSolution
		SolutionGuid = {4737A872-CB98-46B2-AED6-47EBC6A085AD}
	EndGlobalSection
EndGlobal
