
Microsoft Visual Studio Solution File, Format Version 12.00
# Visual Studio 15
VisualStudioVersion = 15.0.27703.2026
MinimumVisualStudioVersion = 10.0.40219.1
Project("{FAE04EC0-301F-11D3-BF4B-00C04F79EFBC}") = "CheckTemperature", "CheckTemperature\CheckTemperature.csproj", "{72723B29-781D-4BA9-A6BC-256DCE5B12C1}"
EndProject
Global
	GlobalSection(SolutionConfigurationPlatforms) = preSolution
		Debug|Any CPU = Debug|Any CPU
		Release|Any CPU = Release|Any CPU
	EndGlobalSection
	GlobalSection(ProjectConfigurationPlatforms) = postSolution
		{72723B29-781D-4BA9-A6BC-256DCE5B12C1}.Debug|Any CPU.ActiveCfg = Debug|Any CPU
		{72723B29-781D-4BA9-A6BC-256DCE5B12C1}.Debug|Any CPU.Build.0 = Debug|Any CPU
		{72723B29-781D-4BA9-A6BC-256DCE5B12C1}.Release|Any CPU.ActiveCfg = Release|Any CPU
		{72723B29-781D-4BA9-A6BC-256DCE5B12C1}.Release|Any CPU.Build.0 = Release|Any CPU
	EndGlobalSection
	GlobalSection(SolutionProperties) = preSolution
		HideSolutionNode = FALSE
	EndGlobalSection
	GlobalSection(ExtensibilityGlobals) = postSolution
		SolutionGuid = {EFF8397D-8A63-4599-931B-2EEDDC02939C}
	EndGlobalSection
EndGlobal
