
Microsoft Visual Studio Solution File, Format Version 12.00
# Visual Studio 15
VisualStudioVersion = 15.0.27703.2026
MinimumVisualStudioVersion = 10.0.40219.1
Project("{FAE04EC0-301F-11D3-BF4B-00C04F79EFBC}") = "AnalyzeNumbers", "AnalyzeNumbers\AnalyzeNumbers.csproj", "{5230EFE0-7C48-4B36-8417-D3EACA75DF8F}"
EndProject
Global
	GlobalSection(SolutionConfigurationPlatforms) = preSolution
		Debug|Any CPU = Debug|Any CPU
		Release|Any CPU = Release|Any CPU
	EndGlobalSection
	GlobalSection(ProjectConfigurationPlatforms) = postSolution
		{5230EFE0-7C48-4B36-8417-D3EACA75DF8F}.Debug|Any CPU.ActiveCfg = Debug|Any CPU
		{5230EFE0-7C48-4B36-8417-D3EACA75DF8F}.Debug|Any CPU.Build.0 = Debug|Any CPU
		{5230EFE0-7C48-4B36-8417-D3EACA75DF8F}.Release|Any CPU.ActiveCfg = Release|Any CPU
		{5230EFE0-7C48-4B36-8417-D3EACA75DF8F}.Release|Any CPU.Build.0 = Release|Any CPU
	EndGlobalSection
	GlobalSection(SolutionProperties) = preSolution
		HideSolutionNode = FALSE
	EndGlobalSection
	GlobalSection(ExtensibilityGlobals) = postSolution
		SolutionGuid = {0661E727-06C0-4F88-BAEA-445C3F0E1A6D}
	EndGlobalSection
EndGlobal
