
Microsoft Visual Studio Solution File, Format Version 12.00
# Visual Studio 15
VisualStudioVersion = 15.0.27703.2026
MinimumVisualStudioVersion = 10.0.40219.1
Project("{9A19103F-16F7-4668-BE54-9A1E7A4F7556}") = "CorePortfolio2", "CorePortfolio1\CorePortfolio2.csproj", "{66054434-F311-487F-8093-8AA6808E5817}"
EndProject
Global
	GlobalSection(SolutionConfigurationPlatforms) = preSolution
		Debug|Any CPU = Debug|Any CPU
		Release|Any CPU = Release|Any CPU
	EndGlobalSection
	GlobalSection(ProjectConfigurationPlatforms) = postSolution
		{66054434-F311-487F-8093-8AA6808E5817}.Debug|Any CPU.ActiveCfg = Debug|Any CPU
		{66054434-F311-487F-8093-8AA6808E5817}.Debug|Any CPU.Build.0 = Debug|Any CPU
		{66054434-F311-487F-8093-8AA6808E5817}.Release|Any CPU.ActiveCfg = Release|Any CPU
		{66054434-F311-487F-8093-8AA6808E5817}.Release|Any CPU.Build.0 = Release|Any CPU
	EndGlobalSection
	GlobalSection(SolutionProperties) = preSolution
		HideSolutionNode = FALSE
	EndGlobalSection
	GlobalSection(ExtensibilityGlobals) = postSolution
		SolutionGuid = {C46DDA06-38D5-48BC-BE32-7CCB7FCDCF1B}
	EndGlobalSection
EndGlobal
