
Microsoft Visual Studio Solution File, Format Version 12.00
# Visual Studio 15
VisualStudioVersion = 15.0.27703.2026
MinimumVisualStudioVersion = 10.0.40219.1
Project("{FAE04EC0-301F-11D3-BF4B-00C04F79EFBC}") = "GuessNumber", "GuessNumber\GuessNumber.csproj", "{F60A994F-7CCC-4EC8-9EA9-776255DBAA0F}"
EndProject
Global
	GlobalSection(SolutionConfigurationPlatforms) = preSolution
		Debug|Any CPU = Debug|Any CPU
		Release|Any CPU = Release|Any CPU
	EndGlobalSection
	GlobalSection(ProjectConfigurationPlatforms) = postSolution
		{F60A994F-7CCC-4EC8-9EA9-776255DBAA0F}.Debug|Any CPU.ActiveCfg = Debug|Any CPU
		{F60A994F-7CCC-4EC8-9EA9-776255DBAA0F}.Debug|Any CPU.Build.0 = Debug|Any CPU
		{F60A994F-7CCC-4EC8-9EA9-776255DBAA0F}.Release|Any CPU.ActiveCfg = Release|Any CPU
		{F60A994F-7CCC-4EC8-9EA9-776255DBAA0F}.Release|Any CPU.Build.0 = Release|Any CPU
	EndGlobalSection
	GlobalSection(SolutionProperties) = preSolution
		HideSolutionNode = FALSE
	EndGlobalSection
	GlobalSection(ExtensibilityGlobals) = postSolution
		SolutionGuid = {0304191A-0ECB-4ADC-9DAA-4A828B672FAF}
	EndGlobalSection
EndGlobal
