
Microsoft Visual Studio Solution File, Format Version 12.00
# Visual Studio 15
VisualStudioVersion = 15.0.27703.2026
MinimumVisualStudioVersion = 10.0.40219.1
Project("{FAE04EC0-301F-11D3-BF4B-00C04F79EFBC}") = "CupConverter", "CupConverter\CupConverter.csproj", "{B596E656-F0DD-4DE3-AF86-9663636F2C34}"
EndProject
Global
	GlobalSection(SolutionConfigurationPlatforms) = preSolution
		Debug|Any CPU = Debug|Any CPU
		Release|Any CPU = Release|Any CPU
	EndGlobalSection
	GlobalSection(ProjectConfigurationPlatforms) = postSolution
		{B596E656-F0DD-4DE3-AF86-9663636F2C34}.Debug|Any CPU.ActiveCfg = Debug|Any CPU
		{B596E656-F0DD-4DE3-AF86-9663636F2C34}.Debug|Any CPU.Build.0 = Debug|Any CPU
		{B596E656-F0DD-4DE3-AF86-9663636F2C34}.Release|Any CPU.ActiveCfg = Release|Any CPU
		{B596E656-F0DD-4DE3-AF86-9663636F2C34}.Release|Any CPU.Build.0 = Release|Any CPU
	EndGlobalSection
	GlobalSection(SolutionProperties) = preSolution
		HideSolutionNode = FALSE
	EndGlobalSection
	GlobalSection(ExtensibilityGlobals) = postSolution
		SolutionGuid = {7AC8A570-0C82-4A2C-8E5B-B982787A5800}
	EndGlobalSection
EndGlobal
